
Microsoft Visual Studio Solution File, Format Version 12.00
# Visual Studio Version 16
VisualStudioVersion = 25.0.1706.9
MinimumVisualStudioVersion = 10.0.40219.1
Project("{FAE04EC0-301F-11D3-BF4B-00C04F79EFBC}") = "kpl", "kpl\kpl.csproj", "{06293623-1C9B-4416-B014-1E1067CD00B0}"
EndProject
Global
	GlobalSection(SolutionConfigurationPlatforms) = preSolution
		Debug|Any CPU = Debug|Any CPU
		Release|Any CPU = Release|Any CPU
	EndGlobalSection
	GlobalSection(ProjectConfigurationPlatforms) = postSolution
		{06293623-1C9B-4416-B014-1E1067CD00B0}.Debug|Any CPU.ActiveCfg = Debug|Any CPU
		{06293623-1C9B-4416-B014-1E1067CD00B0}.Debug|Any CPU.Build.0 = Debug|Any CPU
		{06293623-1C9B-4416-B014-1E1067CD00B0}.Release|Any CPU.ActiveCfg = Release|Any CPU
		{06293623-1C9B-4416-B014-1E1067CD00B0}.Release|Any CPU.Build.0 = Release|Any CPU
	EndGlobalSection
	GlobalSection(SolutionProperties) = preSolution
		HideSolutionNode = FALSE
	EndGlobalSection
	GlobalSection(ExtensibilityGlobals) = postSolution
		SolutionGuid = {D1836EA8-4D20-4130-A856-68C87009CE9D}
	EndGlobalSection
EndGlobal
